{
  "version": 4,
  "terraform_version": "1.6.3",
  "serial": 20,
  "lineage": "8bb9b71f-0bc0-cff5-0a56-1df93a6b71e4",
  "outputs": {},
  "resources": [
    {
      "mode": "managed",
      "type": "google_container_cluster",
      "name": "skytjenester_cluster",
      "provider": "provider[\"registry.terraform.io/hashicorp/google\"]",
      "instances": [
        {
          "schema_version": 2,
          "attributes": {
            "addons_config": [
              {
                "cloudrun_config": [],
                "config_connector_config": [],
                "dns_cache_config": [],
                "gce_persistent_disk_csi_driver_config": [
                  {
                    "enabled": true
                  }
                ],
                "gcp_filestore_csi_driver_config": [],
                "gcs_fuse_csi_driver_config": [],
                "gke_backup_agent_config": [],
                "horizontal_pod_autoscaling": [],
                "http_load_balancing": [],
                "network_policy_config": [
                  {
                    "disabled": true
                  }
                ]
              }
            ],
            "allow_net_admin": null,
            "authenticator_groups_config": [],
            "binary_authorization": [
              {
                "enabled": false,
                "evaluation_mode": ""
              }
            ],
            "cluster_autoscaling": [
              {
                "auto_provisioning_defaults": [],
                "enabled": false,
                "resource_limits": []
              }
            ],
            "cluster_ipv4_cidr": "10.60.0.0/14",
            "confidential_nodes": [],
            "cost_management_config": [],
            "database_encryption": [
              {
                "key_name": "",
                "state": "DECRYPTED"
              }
            ],
            "datapath_provider": "",
            "default_max_pods_per_node": 110,
            "default_snat_status": [
              {
                "disabled": false
              }
            ],
            "deletion_protection": true,
            "description": "",
            "dns_config": [],
            "enable_autopilot": false,
            "enable_intranode_visibility": false,
            "enable_k8s_beta_apis": [],
            "enable_kubernetes_alpha": false,
            "enable_l4_ilb_subsetting": false,
            "enable_legacy_abac": false,
            "enable_shielded_nodes": true,
            "enable_tpu": false,
            "endpoint": "35.233.92.207",
            "gateway_api_config": [],
            "id": "projects/skytjenester/locations/europe-west1/clusters/skytjenester-cluster",
            "identity_service_config": [],
            "initial_node_count": 1,
            "ip_allocation_policy": [
              {
                "additional_pod_ranges_config": [],
                "cluster_ipv4_cidr_block": "10.60.0.0/14",
                "cluster_secondary_range_name": "gke-skytjenester-cluster-pods-23a2d2bf",
                "pod_cidr_overprovision_config": [
                  {
                    "disabled": false
                  }
                ],
                "services_ipv4_cidr_block": "10.64.0.0/20",
                "services_secondary_range_name": "gke-skytjenester-cluster-services-23a2d2bf",
                "stack_type": "IPV4"
              }
            ],
            "label_fingerprint": "a9dc16a7",
            "location": "europe-west1",
            "logging_config": [
              {
                "enable_components": [
                  "SYSTEM_COMPONENTS",
                  "WORKLOADS"
                ]
              }
            ],
            "logging_service": "logging.googleapis.com/kubernetes",
            "maintenance_policy": [],
            "master_auth": [
              {
                "client_certificate": "",
                "client_certificate_config": [
                  {
                    "issue_client_certificate": false
                  }
                ],
                "client_key": "",
                "cluster_ca_certificate": "LS0tLS1CRUdJTiBDRVJUSUZJQ0FURS0tLS0tCk1JSUVMRENDQXBTZ0F3SUJBZ0lRQThtUEhDSWNNM0FoZS96M0xmUlVRekFOQmdrcWhraUc5dzBCQVFzRkFEQXYKTVMwd0t3WURWUVFERXlSa09ETmxOV1JpT0Mxa1pEazBMVFJpTURRdFlUZ3dNUzFrTnpBNU5UZ3dZMll6WkdJdwpJQmNOTWpNeE1URTBNVFl6T0RVeFdoZ1BNakExTXpFeE1EWXhOek00TlRGYU1DOHhMVEFyQmdOVkJBTVRKR1E0Ck0yVTFaR0k0TFdSa09UUXROR0l3TkMxaE9EQXhMV1EzTURrMU9EQmpaak5rWWpDQ0FhSXdEUVlKS29aSWh2Y04KQVFFQkJRQURnZ0dQQURDQ0FZb0NnZ0dCQUxIbzkydVBhZVZ1WWYrWllsTFpKMFk2QWR1SVZqbm1PM1NDalpsSgpwM0ZGN3FjU05xODdmcDU4QVZOZTUwenYvL2dGRkowcVkyQmtiOVUwSTBFN1J1aWxoQkR5Qk04YzZsT1p2Q3pEClBBeldld3AxU1BZTVYzOE1mRjdYMEJZVDE3R2t6MUJxWnVLVm9wcXhBWW9OYnVibUJ3aitlNVBrUTYrNnJNOVYKTnZnM21CUHNQajRVT00zbTltSlBNRTU1Vko5eVVoSXBWWDZHYTd3eTNHSDQ1OW1NaUVHYmV5NWIwazQzNjNYWQp0bHk2K0lYQ2srSXpScE9EMzNvVDN6N0crY3dGNHVqTzVEK1o2OXREbjRBYmlRUHJQMStnb2NnT1YwL3FyMDdTCnJTMjd1RDV0dVhoUzN5OEtqZ2t0ajd6RUZlQmJnQk1NUzhsQ1Vhc3J5ejRzUksvYlk0aGp5ZWY4VldxbkF2dkUKc0FsZFloL0ZqV3B2SlBOdzFwUDIrM3NEK2FJYW1FSGZRUXAxWU03VmxNcWZ3dm5jYVhFV1p0UE9KU1dsU29iYwpIRTZOaUtCV2tGODRJTWRxaVVkcnFTcFBoNUxRcU5hL1JlQloxc1BidXlrVy9MbXJ5eVdqeCtjSzRnNVJiT1JmCitURk5OcXdyc3E1VjdSTUtWUW1PandYL1d3SURBUUFCbzBJd1FEQU9CZ05WSFE4QkFmOEVCQU1DQWdRd0R3WUQKVlIwVEFRSC9CQVV3QXdFQi96QWRCZ05WSFE0RUZnUVV0SVBSbUd3ZER5ZUxVOGl6cTQrbEg3ZjgvcjB3RFFZSgpLb1pJaHZjTkFRRUxCUUFEZ2dHQkFIUmh2YzBFaEh5MXJCc3Q4b3l1MC8rbDYxdFVhRHMxbGxFUmpvNWg3NkFrCjkzRkV1bW41YUN3VGk1RDRZcUxTQUdGZUNvY1RrNUs0cE5ralhJQ2Irb1lyaEJWbnc4YzVqL1B3MlpYVDkwV0kKd25wWDJMeEFFR1VvMUNtRWIyd210ZXplNE90SGszamJBMUNMWm1zR1JVK2lUOGZ4YzFhMGlmMnZRMmNXVldOdApYK1pCMVJQT3pNaGNnaG1zS2o0RVJRajZIMzhwQjZ5bzVIZTBBQVIrRWY3TW85QjNMM0F5cGx6NEJwL3lGbTg1CkxHZmdFNnltN3c0blN6MXBGaFVIa1RtYlNnUXNydFJmV2diTVQ0SFNZNE9BZ2EyR3lxejk5UWt5aTJ6SnFacU4KY0NxMmVsL3F5ak9maGNYU05iRGNZdFVmdUc1TllHdXhna2NXR3pOWnlDb2JGMFFRUjJ4ZnFubDl6cy96Tk5EUApXaDJ4UGpCaExTeUdkYmhISm53KzQxV2dkNFZIRXJIc00weGlVNWx2bDJqQ21lMjJvK1JVUTBsOGtIOExlOTZLCmc3eXBmaFFPaXIxVGlmam11VTV3dHcrSkpCNlA0UHh6T1RQcWJKK0dOR05FYUlnYkdvS1g0VG5QcGFHUGdhSUEKMkdhY2cra3l0WjdJYjdvN3FFaS9QQT09Ci0tLS0tRU5EIENFUlRJRklDQVRFLS0tLS0K"
              }
            ],
            "master_authorized_networks_config": [],
            "master_version": "1.27.3-gke.100",
            "mesh_certificates": [],
            "min_master_version": null,
            "monitoring_config": [
              {
                "advanced_datapath_observability_config": [
                  {
                    "enable_metrics": false,
                    "relay_mode": ""
                  }
                ],
                "enable_components": [
                  "SYSTEM_COMPONENTS"
                ],
                "managed_prometheus": [
                  {
                    "enabled": true
                  }
                ]
              }
            ],
            "monitoring_service": "monitoring.googleapis.com/kubernetes",
            "name": "skytjenester-cluster",
            "network": "projects/skytjenester/global/networks/default",
            "network_policy": [
              {
                "enabled": false,
                "provider": "PROVIDER_UNSPECIFIED"
              }
            ],
            "networking_mode": "VPC_NATIVE",
            "node_config": [
              {
                "advanced_machine_features": [],
                "boot_disk_kms_key": "",
                "confidential_nodes": [],
                "disk_size_gb": 100,
                "disk_type": "pd-balanced",
                "effective_taints": [],
                "ephemeral_storage_local_ssd_config": [],
                "fast_socket": [],
                "gcfs_config": [],
                "guest_accelerator": [],
                "gvnic": [],
                "host_maintenance_policy": [],
                "image_type": "COS_CONTAINERD",
                "kubelet_config": [],
                "labels": {},
                "linux_node_config": [],
                "local_nvme_ssd_block_config": [],
                "local_ssd_count": 0,
                "logging_variant": "DEFAULT",
                "machine_type": "e2-medium",
                "metadata": {
                  "disable-legacy-endpoints": "true"
                },
                "min_cpu_platform": "",
                "node_group": "",
                "oauth_scopes": [
                  "https://www.googleapis.com/auth/devstorage.read_only",
                  "https://www.googleapis.com/auth/logging.write",
                  "https://www.googleapis.com/auth/monitoring",
                  "https://www.googleapis.com/auth/service.management.readonly",
                  "https://www.googleapis.com/auth/servicecontrol",
                  "https://www.googleapis.com/auth/trace.append"
                ],
                "preemptible": false,
                "reservation_affinity": [],
                "resource_labels": {},
                "service_account": "default",
                "shielded_instance_config": [
                  {
                    "enable_integrity_monitoring": true,
                    "enable_secure_boot": false
                  }
                ],
                "sole_tenant_config": [],
                "spot": false,
                "tags": [],
                "taint": [],
                "workload_metadata_config": []
              }
            ],
            "node_locations": [
              "europe-west1-b",
              "europe-west1-c",
              "europe-west1-d"
            ],
            "node_pool": [
              {
                "autoscaling": [],
                "initial_node_count": 1,
                "instance_group_urls": [
                  "https://www.googleapis.com/compute/v1/projects/skytjenester/zones/europe-west1-d/instanceGroupManagers/gke-skytjenester-cluster-default-pool-0ad144ab-grp",
                  "https://www.googleapis.com/compute/v1/projects/skytjenester/zones/europe-west1-b/instanceGroupManagers/gke-skytjenester-cluster-default-pool-c7116541-grp",
                  "https://www.googleapis.com/compute/v1/projects/skytjenester/zones/europe-west1-c/instanceGroupManagers/gke-skytjenester-cluster-default-pool-beae9097-grp"
                ],
                "managed_instance_group_urls": [
                  "https://www.googleapis.com/compute/v1/projects/skytjenester/zones/europe-west1-d/instanceGroups/gke-skytjenester-cluster-default-pool-0ad144ab-grp",
                  "https://www.googleapis.com/compute/v1/projects/skytjenester/zones/europe-west1-b/instanceGroups/gke-skytjenester-cluster-default-pool-c7116541-grp",
                  "https://www.googleapis.com/compute/v1/projects/skytjenester/zones/europe-west1-c/instanceGroups/gke-skytjenester-cluster-default-pool-beae9097-grp"
                ],
                "management": [
                  {
                    "auto_repair": true,
                    "auto_upgrade": true
                  }
                ],
                "max_pods_per_node": 110,
                "name": "default-pool",
                "name_prefix": "",
                "network_config": [
                  {
                    "create_pod_range": false,
                    "enable_private_nodes": false,
                    "pod_cidr_overprovision_config": [],
                    "pod_ipv4_cidr_block": "10.60.0.0/14",
                    "pod_range": "gke-skytjenester-cluster-pods-23a2d2bf"
                  }
                ],
                "node_config": [
                  {
                    "advanced_machine_features": [],
                    "boot_disk_kms_key": "",
                    "confidential_nodes": [],
                    "disk_size_gb": 100,
                    "disk_type": "pd-balanced",
                    "effective_taints": [],
                    "ephemeral_storage_local_ssd_config": [],
                    "fast_socket": [],
                    "gcfs_config": [],
                    "guest_accelerator": [],
                    "gvnic": [],
                    "host_maintenance_policy": [],
                    "image_type": "COS_CONTAINERD",
                    "kubelet_config": [],
                    "labels": {},
                    "linux_node_config": [],
                    "local_nvme_ssd_block_config": [],
                    "local_ssd_count": 0,
                    "logging_variant": "DEFAULT",
                    "machine_type": "e2-medium",
                    "metadata": {
                      "disable-legacy-endpoints": "true"
                    },
                    "min_cpu_platform": "",
                    "node_group": "",
                    "oauth_scopes": [
                      "https://www.googleapis.com/auth/devstorage.read_only",
                      "https://www.googleapis.com/auth/logging.write",
                      "https://www.googleapis.com/auth/monitoring",
                      "https://www.googleapis.com/auth/service.management.readonly",
                      "https://www.googleapis.com/auth/servicecontrol",
                      "https://www.googleapis.com/auth/trace.append"
                    ],
                    "preemptible": false,
                    "reservation_affinity": [],
                    "resource_labels": {},
                    "service_account": "default",
                    "shielded_instance_config": [
                      {
                        "enable_integrity_monitoring": true,
                        "enable_secure_boot": false
                      }
                    ],
                    "sole_tenant_config": [],
                    "spot": false,
                    "tags": [],
                    "taint": [],
                    "workload_metadata_config": []
                  }
                ],
                "node_count": 1,
                "node_locations": [
                  "europe-west1-b",
                  "europe-west1-c",
                  "europe-west1-d"
                ],
                "placement_policy": [],
                "upgrade_settings": [
                  {
                    "blue_green_settings": [],
                    "max_surge": 1,
                    "max_unavailable": 0,
                    "strategy": "SURGE"
                  }
                ],
                "version": "1.27.3-gke.100"
              }
            ],
            "node_pool_auto_config": [],
            "node_pool_defaults": [
              {
                "node_config_defaults": [
                  {
                    "logging_variant": "DEFAULT"
                  }
                ]
              }
            ],
            "node_version": "1.27.3-gke.100",
            "notification_config": [
              {
                "pubsub": [
                  {
                    "enabled": false,
                    "filter": [],
                    "topic": ""
                  }
                ]
              }
            ],
            "operation": null,
            "private_cluster_config": [
              {
                "enable_private_endpoint": false,
                "enable_private_nodes": false,
                "master_global_access_config": [
                  {
                    "enabled": false
                  }
                ],
                "master_ipv4_cidr_block": "",
                "peering_name": "",
                "private_endpoint": "10.132.0.9",
                "private_endpoint_subnetwork": "",
                "public_endpoint": "35.233.92.207"
              }
            ],
            "private_ipv6_google_access": "",
            "project": "skytjenester",
            "release_channel": [
              {
                "channel": "REGULAR"
              }
            ],
            "remove_default_node_pool": null,
            "resource_labels": null,
            "resource_usage_export_config": [],
            "security_posture_config": [
              {
                "mode": "BASIC",
                "vulnerability_mode": "VULNERABILITY_MODE_UNSPECIFIED"
              }
            ],
            "self_link": "https://container.googleapis.com/v1/projects/skytjenester/locations/europe-west1/clusters/skytjenester-cluster",
            "service_external_ips_config": [
              {
                "enabled": false
              }
            ],
            "services_ipv4_cidr": "10.64.0.0/20",
            "subnetwork": "projects/skytjenester/regions/europe-west1/subnetworks/default",
            "timeouts": null,
            "tpu_ipv4_cidr_block": "",
            "vertical_pod_autoscaling": [],
            "workload_identity_config": []
          },
          "sensitive_attributes": [],
          "private": "eyJlMmJmYjczMC1lY2FhLTExZTYtOGY4OC0zNDM2M2JjN2M0YzAiOnsiY3JlYXRlIjoyNDAwMDAwMDAwMDAwLCJkZWxldGUiOjI0MDAwMDAwMDAwMDAsInJlYWQiOjI0MDAwMDAwMDAwMDAsInVwZGF0ZSI6MzYwMDAwMDAwMDAwMH0sInNjaGVtYV92ZXJzaW9uIjoiMiJ9"
        }
      ]
    },
    {
      "mode": "managed",
      "type": "google_sql_database_instance",
      "name": "skytjenesterdb",
      "provider": "provider[\"registry.terraform.io/hashicorp/google\"]",
      "instances": [
        {
          "schema_version": 0,
          "attributes": {
            "available_maintenance_versions": [],
            "clone": [],
            "connection_name": "skytjenester:europe-west1:skytjenesterdb",
            "database_version": "POSTGRES_14",
            "deletion_protection": true,
            "dns_name": "",
            "encryption_key_name": null,
            "first_ip_address": "35.187.86.237",
            "id": "skytjenesterdb",
            "instance_type": "CLOUD_SQL_INSTANCE",
            "ip_address": [
              {
                "ip_address": "35.187.86.237",
                "time_to_retire": "",
                "type": "PRIMARY"
              },
              {
                "ip_address": "34.140.4.36",
                "time_to_retire": "",
                "type": "OUTGOING"
              }
            ],
            "maintenance_version": "POSTGRES_14_9.R20230830.01_01",
            "master_instance_name": "",
            "name": "skytjenesterdb",
            "private_ip_address": "",
            "project": "skytjenester",
            "psc_service_attachment_link": "",
            "public_ip_address": "35.187.86.237",
            "region": "europe-west1",
            "replica_configuration": [],
            "restore_backup_context": [],
            "root_password": null,
            "self_link": "https://sqladmin.googleapis.com/sql/v1beta4/projects/skytjenester/instances/skytjenesterdb",
            "server_ca_cert": [
              {
                "cert": "-----BEGIN CERTIFICATE-----\nMIIDfzCCAmegAwIBAgIBADANBgkqhkiG9w0BAQsFADB3MS0wKwYDVQQuEyQ4MDQ1\nNTk3ZC1kOTk5LTRlZjYtODUzZC1jMDVlYmMzZGNhOTIxIzAhBgNVBAMTGkdvb2ds\nZSBDbG91ZCBTUUwgU2VydmVyIENBMRQwEgYDVQQKEwtHb29nbGUsIEluYzELMAkG\nA1UEBhMCVVMwHhcNMjMxMTA5MTYzOTE0WhcNMzMxMTA2MTY0MDE0WjB3MS0wKwYD\nVQQuEyQ4MDQ1NTk3ZC1kOTk5LTRlZjYtODUzZC1jMDVlYmMzZGNhOTIxIzAhBgNV\nBAMTGkdvb2dsZSBDbG91ZCBTUUwgU2VydmVyIENBMRQwEgYDVQQKEwtHb29nbGUs\nIEluYzELMAkGA1UEBhMCVVMwggEiMA0GCSqGSIb3DQEBAQUAA4IBDwAwggEKAoIB\nAQCLc2XNdIqf0ZQn/V36EIKW3NeLPGoIFUoofIhv938eggR3QVmO+0mKWF78ji7k\nvokr6r50cjqnNxn+F0fDD9qYXdu3usR3naEMd1czB4fde7ZympHDesBIrd9H/6kr\nN1QIup3a4udlgOG2uRwr8yHxH2jCCG5LjtW6FNXe7oSYbH+J0POAbnp7ocLnxbzj\neXKfRtHOoU57dfr4xnFlhJuI1QkIeEBlNq3VHwDbu8G0omS6thhqs5tUQ9xrWbaq\nZkBww0wRJaBta65gI9OZxhPvhLCQ6uiPfp4Krp4W4RQZWpxl9EnheFRC6eDY6WjO\n/AbvzQd79dDkxmabJZTBGTv1AgMBAAGjFjAUMBIGA1UdEwEB/wQIMAYBAf8CAQAw\nDQYJKoZIhvcNAQELBQADggEBAGyBm/Kyfo+3tOYBNz4BoH+XBlqU4J92c8M2UZvh\nyA+pU1wuDECacea3aTcirD7SasIzdeZj3wYKJRQyKJJY0J/wUI8TsJpk95/XHHV3\nC/YiVW7/UbJzPrBFFipu71S/keumF+3OrSwXuHTutMmQ2iLwFCWgdpqwPEJtTeO2\nlx8j2j9uXN46C0OKEEUeJFe4uws9XS+PKb98UTkpRSHBLjrehqAcs+0kUpRU0xrW\nCnl3tykT9kJ/7deACFCR5Sm6+o/GSV/KmGYlLnCMuqwB2pMUV/O8Vq6mya2esS21\n5lgu0WDMNGFdBPRXATYO3i9KQI50+Y4NmgjWGHXZ9C6sIvQ=\n-----END CERTIFICATE-----",
                "common_name": "C=US,O=Google\\, Inc,CN=Google Cloud SQL Server CA,dnQualifier=8045597d-d999-4ef6-853d-c05ebc3dca92",
                "create_time": "2023-11-09T16:39:14.586Z",
                "expiration_time": "2033-11-06T16:40:14.586Z",
                "sha1_fingerprint": "7d5c472c04a22a5208a0d53b1e4d0b0113c88d05"
              }
            ],
            "service_account_email_address": "p729543688079-149800@gcp-sa-cloud-sql.iam.gserviceaccount.com",
            "settings": [
              {
                "activation_policy": "ALWAYS",
                "active_directory_config": [],
                "advanced_machine_features": [],
                "availability_type": "ZONAL",
                "backup_configuration": [
                  {
                    "backup_retention_settings": [
                      {
                        "retained_backups": 7,
                        "retention_unit": "COUNT"
                      }
                    ],
                    "binary_log_enabled": false,
                    "enabled": false,
                    "location": "",
                    "point_in_time_recovery_enabled": false,
                    "start_time": "15:00",
                    "transaction_log_retention_days": 7
                  }
                ],
                "collation": "",
                "connector_enforcement": "NOT_REQUIRED",
                "data_cache_config": [],
                "database_flags": [],
                "deletion_protection_enabled": false,
                "deny_maintenance_period": [],
                "disk_autoresize": true,
                "disk_autoresize_limit": 0,
                "disk_size": 10,
                "disk_type": "PD_SSD",
                "edition": "ENTERPRISE",
                "insights_config": [],
                "ip_configuration": [
                  {
                    "allocated_ip_range": "",
                    "authorized_networks": [],
                    "enable_private_path_for_google_cloud_services": false,
                    "ipv4_enabled": true,
                    "private_network": "",
                    "psc_config": [],
                    "require_ssl": false
                  }
                ],
                "location_preference": [
                  {
                    "follow_gae_application": "",
                    "secondary_zone": "",
                    "zone": "europe-west1-b"
                  }
                ],
                "maintenance_window": [],
                "password_validation_policy": [],
                "pricing_plan": "PER_USE",
                "sql_server_audit_config": [],
                "tier": "db-f1-micro",
                "time_zone": "",
                "user_labels": {},
                "version": 10
              }
            ],
            "timeouts": null
          },
          "sensitive_attributes": [],
          "private": "eyJlMmJmYjczMC1lY2FhLTExZTYtOGY4OC0zNDM2M2JjN2M0YzAiOnsiY3JlYXRlIjoyNDAwMDAwMDAwMDAwLCJkZWxldGUiOjE4MDAwMDAwMDAwMDAsInVwZGF0ZSI6MTgwMDAwMDAwMDAwMH19"
        }
      ]
    }
  ],
  "check_results": null
}
