{
  "version": 4,
  "terraform_version": "1.6.3",
  "serial": 22,
  "lineage": "8bb9b71f-0bc0-cff5-0a56-1df93a6b71e4",
  "outputs": {},
  "resources": [
    {
      "mode": "managed",
      "type": "google_container_cluster",
      "name": "skytjenester_cluster",
      "provider": "provider[\"registry.terraform.io/hashicorp/google\"]",
      "instances": [
        {
          "schema_version": 2,
          "attributes": {
            "addons_config": [
              {
                "cloudrun_config": [],
                "config_connector_config": [],
                "dns_cache_config": [],
                "gce_persistent_disk_csi_driver_config": [
                  {
                    "enabled": true
                  }
                ],
                "gcp_filestore_csi_driver_config": [],
                "gcs_fuse_csi_driver_config": [],
                "gke_backup_agent_config": [],
                "horizontal_pod_autoscaling": [],
                "http_load_balancing": [],
                "network_policy_config": [
                  {
                    "disabled": true
                  }
                ]
              }
            ],
            "allow_net_admin": null,
            "authenticator_groups_config": [],
            "binary_authorization": [
              {
                "enabled": false,
                "evaluation_mode": ""
              }
            ],
            "cluster_autoscaling": [
              {
                "auto_provisioning_defaults": [],
                "enabled": false,
                "resource_limits": []
              }
            ],
            "cluster_ipv4_cidr": "10.124.0.0/14",
            "confidential_nodes": [],
            "cost_management_config": [],
            "database_encryption": [
              {
                "key_name": "",
                "state": "DECRYPTED"
              }
            ],
            "datapath_provider": "",
            "default_max_pods_per_node": 110,
            "default_snat_status": [
              {
                "disabled": false
              }
            ],
            "deletion_protection": true,
            "description": "",
            "dns_config": [],
            "enable_autopilot": false,
            "enable_intranode_visibility": false,
            "enable_k8s_beta_apis": [],
            "enable_kubernetes_alpha": false,
            "enable_l4_ilb_subsetting": false,
            "enable_legacy_abac": false,
            "enable_shielded_nodes": true,
            "enable_tpu": false,
            "endpoint": "34.79.174.22",
            "gateway_api_config": [],
            "id": "projects/skytjenester/locations/europe-west1-b/clusters/skytjenester-cluster",
            "identity_service_config": [],
            "initial_node_count": 1,
            "ip_allocation_policy": [
              {
                "additional_pod_ranges_config": [],
                "cluster_ipv4_cidr_block": "10.124.0.0/14",
                "cluster_secondary_range_name": "gke-skytjenester-cluster-pods-004301c8",
                "pod_cidr_overprovision_config": [
                  {
                    "disabled": false
                  }
                ],
                "services_ipv4_cidr_block": "10.0.0.0/20",
                "services_secondary_range_name": "gke-skytjenester-cluster-services-004301c8",
                "stack_type": "IPV4"
              }
            ],
            "label_fingerprint": "a9dc16a7",
            "location": "europe-west1-b",
            "logging_config": [
              {
                "enable_components": [
                  "SYSTEM_COMPONENTS",
                  "WORKLOADS"
                ]
              }
            ],
            "logging_service": "logging.googleapis.com/kubernetes",
            "maintenance_policy": [],
            "master_auth": [
              {
                "client_certificate": "",
                "client_certificate_config": [
                  {
                    "issue_client_certificate": false
                  }
                ],
                "client_key": "",
                "cluster_ca_certificate": "LS0tLS1CRUdJTiBDRVJUSUZJQ0FURS0tLS0tCk1JSUVMRENDQXBTZ0F3SUJBZ0lRVDBoS3RJMHl3WklLMEpNRkRCNE5TakFOQmdrcWhraUc5dzBCQVFzRkFEQXYKTVMwd0t3WURWUVFERXlReFlUazVaRGcxT1MweE9XVTRMVFJoTURVdFltSmlZeTFpTlRZNFlUQm1Nalk1Wm1VdwpJQmNOTWpNeE1URTFNVFF5TmpFNFdoZ1BNakExTXpFeE1EY3hOVEkyTVRoYU1DOHhMVEFyQmdOVkJBTVRKREZoCk9UbGtPRFU1TFRFNVpUZ3ROR0V3TlMxaVltSmpMV0kxTmpoaE1HWXlOamxtWlRDQ0FhSXdEUVlKS29aSWh2Y04KQVFFQkJRQURnZ0dQQURDQ0FZb0NnZ0dCQUtFWHFPazVxamRoNUVLRHB0MEdDZnplZCtCMkM1alMvUjN3ZkQxKwpoalViN2hBZmhCMjQ4OHQxamFUSmdjOVVBTTAzYTZhM0REWW42V1ZVY3dlMXVJbHFHL3VkeGN0YmdUNXZDTjVFCk0xeW1GK24xM1FWWTVGY3ZSWTY4eVM1VXVHOXpLcS9xSDcvSkpmaEoxbFlrbGk5eTVzUHdYQ2x5bmxiUVZ0cEoKbTQ0cnhFNFhqZXlXVUI4L2M0ZDltQkk2NzBEeDczR2tUUmJMbEZZZElUYVpUc0xHV0xpU0tWN1hjWnM1eGtSZApFZmY0ZzMrcWd4Ny9pdm0xSG5Ld2k1WGRTTG1kNk5FNk9ud1Ztb25vL3ZrbWI4anJwL3JqaXlwTjN0eHdpZXF4ClFpTytlVnQ3L1NTd1BkSm91VUI5VGdydXYrd2dORzRWUDlKZnZBRHpQMmtSN1JMWWU3T3lHSDEvWUx3MzZNTUIKL25CYU1POURIQ1EzSVhuaGRKRTFKVGg3YkNmcHhkUFVMZmRzcjdFODg4OWtBY0tuOTIvZjRuYko3VkdFOTBqTwpQUThCazRYSENrbTVGdXV5Y05nbko0WWQzYWxYZjhjNVlWQ3VlTWppK0hiYzluWjJhQnMzRjN5Tk5KTmxoeFRQCmVPMWhvVG9ZbGNrSU1IVTlDYUtHL1NuY3FRSURBUUFCbzBJd1FEQU9CZ05WSFE4QkFmOEVCQU1DQWdRd0R3WUQKVlIwVEFRSC9CQVV3QXdFQi96QWRCZ05WSFE0RUZnUVVBQTN5djdxclJYMlByaDNYWW5nQWhqa0tYQVl3RFFZSgpLb1pJaHZjTkFRRUxCUUFEZ2dHQkFCT1FjeWNpUFdiL1NMbHAxWjlObDlseWxweXhkM0xCTWVpL2syTHBLSTBkClJ3VTgzQjIrSUZ5R3NLRTlHZEszb014MVFvSjdoWDN6d0VvSHR4aythOWd1aDRzQkJCN2tmKzVLWDdYc2ZxbE8KbWhMNUh2N1ZrMlFpdDY5UjJNTTdwd3U0YlVVR1BQYTl3cnRIbnRweUp0UXhidGtNZTFrMjkrUlFFT1JydzBTRApOcU90VE9kNjRNVFN0eURpVE1xaE9IYWE0eExwZGNBcnpjMmFjUWJSNG9HMHloK0RaQ083RmwvcnBOSlBqUSttCkVhYWxnZHZzd2tXcURwcnQycklnMlN2d1FQdXdhQVA3eDJkaW5NdzZxaStONXpmRzBINzVqVVZFZjV1K0FjV2wKdUV6RDZDalZpN3BrV3JkakFzWWhmMXlXNitXeTZKaVRtTDlvRm5SbkJYQTBNdXFaazlGTnJMZ0RicEkrMjFpZApoTSsrV2p2dkg0UVhNUUdLb1JkZnZvaTYxbW1KUm11OWtlYkl6UDhrcVJLN1JmRmVadHF6U3VsL3RJUlFTN0ZkCjkydVZoekN1WTlTVDRTSW9kUVlnL296WGhDMjV0c0w4YzhTMGNPNnEyYkpPd2FkYkxXcXc0S1k4RGlscjZKTkgKSWczeCs0ajN2b1NseXRDU2o0Z1Mvdz09Ci0tLS0tRU5EIENFUlRJRklDQVRFLS0tLS0K"
              }
            ],
            "master_authorized_networks_config": [],
            "master_version": "1.27.3-gke.100",
            "mesh_certificates": [],
            "min_master_version": null,
            "monitoring_config": [
              {
                "advanced_datapath_observability_config": [
                  {
                    "enable_metrics": false,
                    "relay_mode": ""
                  }
                ],
                "enable_components": [
                  "SYSTEM_COMPONENTS"
                ],
                "managed_prometheus": [
                  {
                    "enabled": true
                  }
                ]
              }
            ],
            "monitoring_service": "monitoring.googleapis.com/kubernetes",
            "name": "skytjenester-cluster",
            "network": "projects/skytjenester/global/networks/default",
            "network_policy": [
              {
                "enabled": false,
                "provider": "PROVIDER_UNSPECIFIED"
              }
            ],
            "networking_mode": "VPC_NATIVE",
            "node_config": [
              {
                "advanced_machine_features": [],
                "boot_disk_kms_key": "",
                "confidential_nodes": [],
                "disk_size_gb": 100,
                "disk_type": "pd-balanced",
                "effective_taints": [],
                "ephemeral_storage_local_ssd_config": [],
                "fast_socket": [],
                "gcfs_config": [],
                "guest_accelerator": [],
                "gvnic": [],
                "host_maintenance_policy": [],
                "image_type": "COS_CONTAINERD",
                "kubelet_config": [],
                "labels": {},
                "linux_node_config": [],
                "local_nvme_ssd_block_config": [],
                "local_ssd_count": 0,
                "logging_variant": "DEFAULT",
                "machine_type": "e2-medium",
                "metadata": {
                  "disable-legacy-endpoints": "true"
                },
                "min_cpu_platform": "",
                "node_group": "",
                "oauth_scopes": [
                  "https://www.googleapis.com/auth/devstorage.read_only",
                  "https://www.googleapis.com/auth/logging.write",
                  "https://www.googleapis.com/auth/monitoring",
                  "https://www.googleapis.com/auth/service.management.readonly",
                  "https://www.googleapis.com/auth/servicecontrol",
                  "https://www.googleapis.com/auth/trace.append"
                ],
                "preemptible": false,
                "reservation_affinity": [],
                "resource_labels": {},
                "service_account": "default",
                "shielded_instance_config": [
                  {
                    "enable_integrity_monitoring": true,
                    "enable_secure_boot": false
                  }
                ],
                "sole_tenant_config": [],
                "spot": false,
                "tags": [],
                "taint": [],
                "workload_metadata_config": []
              }
            ],
            "node_locations": [],
            "node_pool": [
              {
                "autoscaling": [],
                "initial_node_count": 1,
                "instance_group_urls": [
                  "https://www.googleapis.com/compute/v1/projects/skytjenester/zones/europe-west1-b/instanceGroupManagers/gke-skytjenester-cluster-default-pool-553f093e-grp"
                ],
                "managed_instance_group_urls": [
                  "https://www.googleapis.com/compute/v1/projects/skytjenester/zones/europe-west1-b/instanceGroups/gke-skytjenester-cluster-default-pool-553f093e-grp"
                ],
                "management": [
                  {
                    "auto_repair": true,
                    "auto_upgrade": true
                  }
                ],
                "max_pods_per_node": 110,
                "name": "default-pool",
                "name_prefix": "",
                "network_config": [
                  {
                    "create_pod_range": false,
                    "enable_private_nodes": false,
                    "pod_cidr_overprovision_config": [],
                    "pod_ipv4_cidr_block": "10.124.0.0/14",
                    "pod_range": "gke-skytjenester-cluster-pods-004301c8"
                  }
                ],
                "node_config": [
                  {
                    "advanced_machine_features": [],
                    "boot_disk_kms_key": "",
                    "confidential_nodes": [],
                    "disk_size_gb": 100,
                    "disk_type": "pd-balanced",
                    "effective_taints": [],
                    "ephemeral_storage_local_ssd_config": [],
                    "fast_socket": [],
                    "gcfs_config": [],
                    "guest_accelerator": [],
                    "gvnic": [],
                    "host_maintenance_policy": [],
                    "image_type": "COS_CONTAINERD",
                    "kubelet_config": [],
                    "labels": {},
                    "linux_node_config": [],
                    "local_nvme_ssd_block_config": [],
                    "local_ssd_count": 0,
                    "logging_variant": "DEFAULT",
                    "machine_type": "e2-medium",
                    "metadata": {
                      "disable-legacy-endpoints": "true"
                    },
                    "min_cpu_platform": "",
                    "node_group": "",
                    "oauth_scopes": [
                      "https://www.googleapis.com/auth/devstorage.read_only",
                      "https://www.googleapis.com/auth/logging.write",
                      "https://www.googleapis.com/auth/monitoring",
                      "https://www.googleapis.com/auth/service.management.readonly",
                      "https://www.googleapis.com/auth/servicecontrol",
                      "https://www.googleapis.com/auth/trace.append"
                    ],
                    "preemptible": false,
                    "reservation_affinity": [],
                    "resource_labels": {},
                    "service_account": "default",
                    "shielded_instance_config": [
                      {
                        "enable_integrity_monitoring": true,
                        "enable_secure_boot": false
                      }
                    ],
                    "sole_tenant_config": [],
                    "spot": false,
                    "tags": [],
                    "taint": [],
                    "workload_metadata_config": []
                  }
                ],
                "node_count": 1,
                "node_locations": [
                  "europe-west1-b"
                ],
                "placement_policy": [],
                "upgrade_settings": [
                  {
                    "blue_green_settings": [],
                    "max_surge": 1,
                    "max_unavailable": 0,
                    "strategy": "SURGE"
                  }
                ],
                "version": "1.27.3-gke.100"
              }
            ],
            "node_pool_auto_config": [],
            "node_pool_defaults": [
              {
                "node_config_defaults": [
                  {
                    "logging_variant": "DEFAULT"
                  }
                ]
              }
            ],
            "node_version": "1.27.3-gke.100",
            "notification_config": [
              {
                "pubsub": [
                  {
                    "enabled": false,
                    "filter": [],
                    "topic": ""
                  }
                ]
              }
            ],
            "operation": null,
            "private_cluster_config": [
              {
                "enable_private_endpoint": false,
                "enable_private_nodes": false,
                "master_global_access_config": [
                  {
                    "enabled": false
                  }
                ],
                "master_ipv4_cidr_block": "",
                "peering_name": "",
                "private_endpoint": "10.132.0.13",
                "private_endpoint_subnetwork": "",
                "public_endpoint": "34.79.174.22"
              }
            ],
            "private_ipv6_google_access": "",
            "project": "skytjenester",
            "release_channel": [
              {
                "channel": "REGULAR"
              }
            ],
            "remove_default_node_pool": null,
            "resource_labels": null,
            "resource_usage_export_config": [],
            "security_posture_config": [
              {
                "mode": "BASIC",
                "vulnerability_mode": "VULNERABILITY_MODE_UNSPECIFIED"
              }
            ],
            "self_link": "https://container.googleapis.com/v1/projects/skytjenester/zones/europe-west1-b/clusters/skytjenester-cluster",
            "service_external_ips_config": [
              {
                "enabled": false
              }
            ],
            "services_ipv4_cidr": "10.0.0.0/20",
            "subnetwork": "projects/skytjenester/regions/europe-west1/subnetworks/default",
            "timeouts": null,
            "tpu_ipv4_cidr_block": "",
            "vertical_pod_autoscaling": [],
            "workload_identity_config": []
          },
          "sensitive_attributes": [],
          "private": "eyJlMmJmYjczMC1lY2FhLTExZTYtOGY4OC0zNDM2M2JjN2M0YzAiOnsiY3JlYXRlIjoyNDAwMDAwMDAwMDAwLCJkZWxldGUiOjI0MDAwMDAwMDAwMDAsInJlYWQiOjI0MDAwMDAwMDAwMDAsInVwZGF0ZSI6MzYwMDAwMDAwMDAwMH0sInNjaGVtYV92ZXJzaW9uIjoiMiJ9"
        }
      ]
    }
  ],
  "check_results": null
}
